
Microsoft Visual Studio Solution File, Format Version 12.00
# Visual Studio 2013
VisualStudioVersion = 12.0.30723.0
MinimumVisualStudioVersion = 10.0.40219.1
Project("{FAE04EC0-301F-11D3-BF4B-00C04F79EFBC}") = "FizzBuzzBL", "FizzBuzzBL\FizzBuzzBL.csproj", "{AB284BF0-E8B1-4B2D-B5D5-1D00B8E1AB9F}"
EndProject
Project("{FAE04EC0-301F-11D3-BF4B-00C04F79EFBC}") = "FizzBuzzRunner", "FizzBuzzRunner\FizzBuzzRunner.csproj", "{29F92DC9-F8B8-4820-8019-F239FFFAAA3A}"
EndProject
Project("{FAE04EC0-301F-11D3-BF4B-00C04F79EFBC}") = "FizzBuzzBL.Tests", "FizzBuzzBL.Tests\FizzBuzzBL.Tests.csproj", "{C563973B-FBCF-4106-9CB0-73F841BF9AD3}"
EndProject
Global
	GlobalSection(SolutionConfigurationPlatforms) = preSolution
		Debug|Any CPU = Debug|Any CPU
		Release|Any CPU = Release|Any CPU
	EndGlobalSection
	GlobalSection(ProjectConfigurationPlatforms) = postSolution
		{AB284BF0-E8B1-4B2D-B5D5-1D00B8E1AB9F}.Debug|Any CPU.ActiveCfg = Debug|Any CPU
		{AB284BF0-E8B1-4B2D-B5D5-1D00B8E1AB9F}.Debug|Any CPU.Build.0 = Debug|Any CPU
		{AB284BF0-E8B1-4B2D-B5D5-1D00B8E1AB9F}.Release|Any CPU.ActiveCfg = Release|Any CPU
		{AB284BF0-E8B1-4B2D-B5D5-1D00B8E1AB9F}.Release|Any CPU.Build.0 = Release|Any CPU
		{29F92DC9-F8B8-4820-8019-F239FFFAAA3A}.Debug|Any CPU.ActiveCfg = Debug|Any CPU
		{29F92DC9-F8B8-4820-8019-F239FFFAAA3A}.Debug|Any CPU.Build.0 = Debug|Any CPU
		{29F92DC9-F8B8-4820-8019-F239FFFAAA3A}.Release|Any CPU.ActiveCfg = Release|Any CPU
		{29F92DC9-F8B8-4820-8019-F239FFFAAA3A}.Release|Any CPU.Build.0 = Release|Any CPU
		{C563973B-FBCF-4106-9CB0-73F841BF9AD3}.Debug|Any CPU.ActiveCfg = Debug|Any CPU
		{C563973B-FBCF-4106-9CB0-73F841BF9AD3}.Debug|Any CPU.Build.0 = Debug|Any CPU
		{C563973B-FBCF-4106-9CB0-73F841BF9AD3}.Release|Any CPU.ActiveCfg = Release|Any CPU
		{C563973B-FBCF-4106-9CB0-73F841BF9AD3}.Release|Any CPU.Build.0 = Release|Any CPU
	EndGlobalSection
	GlobalSection(SolutionProperties) = preSolution
		HideSolutionNode = FALSE
	EndGlobalSection
EndGlobal
